
Microsoft Visual Studio Solution File, Format Version 12.00
# Visual Studio Version 17
VisualStudioVersion = 17.8.34330.188
MinimumVisualStudioVersion = 10.0.40219.1
Project("{FAE04EC0-301F-11D3-BF4B-00C04F79EFBC}") = "01. Randomize Words", "01. Randomize Words\01. Randomize Words.csproj", "{3A67B116-8121-46FC-AA9B-CD2D69B31510}"
EndProject
Project("{FAE04EC0-301F-11D3-BF4B-00C04F79EFBC}") = "02. Big Factorial", "02. Big Factorial\02. Big Factorial.csproj", "{EC3D6472-0352-4F71-90F8-875DD13E723A}"
EndProject
Project("{FAE04EC0-301F-11D3-BF4B-00C04F79EFBC}") = "03. Songs", "03. Songs\03. Songs.csproj", "{8248B953-DD8B-4E59-BBD2-4A910EA287D1}"
EndProject
Global
	GlobalSection(SolutionConfigurationPlatforms) = preSolution
		Debug|Any CPU = Debug|Any CPU
		Release|Any CPU = Release|Any CPU
	EndGlobalSection
	GlobalSection(ProjectConfigurationPlatforms) = postSolution
		{3A67B116-8121-46FC-AA9B-CD2D69B31510}.Debug|Any CPU.ActiveCfg = Debug|Any CPU
		{3A67B116-8121-46FC-AA9B-CD2D69B31510}.Debug|Any CPU.Build.0 = Debug|Any CPU
		{3A67B116-8121-46FC-AA9B-CD2D69B31510}.Release|Any CPU.ActiveCfg = Release|Any CPU
		{3A67B116-8121-46FC-AA9B-CD2D69B31510}.Release|Any CPU.Build.0 = Release|Any CPU
		{EC3D6472-0352-4F71-90F8-875DD13E723A}.Debug|Any CPU.ActiveCfg = Debug|Any CPU
		{EC3D6472-0352-4F71-90F8-875DD13E723A}.Debug|Any CPU.Build.0 = Debug|Any CPU
		{EC3D6472-0352-4F71-90F8-875DD13E723A}.Release|Any CPU.ActiveCfg = Release|Any CPU
		{EC3D6472-0352-4F71-90F8-875DD13E723A}.Release|Any CPU.Build.0 = Release|Any CPU
		{8248B953-DD8B-4E59-BBD2-4A910EA287D1}.Debug|Any CPU.ActiveCfg = Debug|Any CPU
		{8248B953-DD8B-4E59-BBD2-4A910EA287D1}.Debug|Any CPU.Build.0 = Debug|Any CPU
		{8248B953-DD8B-4E59-BBD2-4A910EA287D1}.Release|Any CPU.ActiveCfg = Release|Any CPU
		{8248B953-DD8B-4E59-BBD2-4A910EA287D1}.Release|Any CPU.Build.0 = Release|Any CPU
	EndGlobalSection
	GlobalSection(SolutionProperties) = preSolution
		HideSolutionNode = FALSE
	EndGlobalSection
	GlobalSection(ExtensibilityGlobals) = postSolution
		SolutionGuid = {CD16EF25-205C-4301-AF69-0F4AC7FDF398}
	EndGlobalSection
EndGlobal
